
Microsoft Visual Studio Solution File, Format Version 12.00
# Visual Studio 15
VisualStudioVersion = 15.0.28307.271
MinimumVisualStudioVersion = 10.0.40219.1
Project("{FAE04EC0-301F-11D3-BF4B-00C04F79EFBC}") = "TokBlitzBeta.Android", "TokBlitzBeta\TokBlitzBeta.Android\TokBlitzBeta.Android.csproj", "{DCAA3938-F8C3-4BFA-B658-3F2AD80F8211}"
EndProject
Project("{FAE04EC0-301F-11D3-BF4B-00C04F79EFBC}") = "TokBlitzBeta.iOS", "TokBlitzBeta\TokBlitzBeta.iOS\TokBlitzBeta.iOS.csproj", "{F568534D-2257-43A4-B119-11AFDA8C69A8}"
EndProject
Project("{FAE04EC0-301F-11D3-BF4B-00C04F79EFBC}") = "TokBlitzBeta", "TokBlitzBeta\TokBlitzBeta\TokBlitzBeta.csproj", "{78B2D302-24D9-477E-A0EE-242485B2CD93}"
EndProject
Global
	GlobalSection(SolutionConfigurationPlatforms) = preSolution
		Ad-Hoc|Any CPU = Ad-Hoc|Any CPU
		Ad-Hoc|iPhone = Ad-Hoc|iPhone
		Ad-Hoc|iPhoneSimulator = Ad-Hoc|iPhoneSimulator
		AppStore|Any CPU = AppStore|Any CPU
		AppStore|iPhone = AppStore|iPhone
		AppStore|iPhoneSimulator = AppStore|iPhoneSimulator
		Debug|Any CPU = Debug|Any CPU
		Debug|iPhone = Debug|iPhone
		Debug|iPhoneSimulator = Debug|iPhoneSimulator
		Release|Any CPU = Release|Any CPU
		Release|iPhone = Release|iPhone
		Release|iPhoneSimulator = Release|iPhoneSimulator
	EndGlobalSection
	GlobalSection(ProjectConfigurationPlatforms) = postSolution
		{DCAA3938-F8C3-4BFA-B658-3F2AD80F8211}.Ad-Hoc|Any CPU.ActiveCfg = Release|Any CPU
		{DCAA3938-F8C3-4BFA-B658-3F2AD80F8211}.Ad-Hoc|Any CPU.Build.0 = Release|Any CPU
		{DCAA3938-F8C3-4BFA-B658-3F2AD80F8211}.Ad-Hoc|Any CPU.Deploy.0 = Release|Any CPU
		{DCAA3938-F8C3-4BFA-B658-3F2AD80F8211}.Ad-Hoc|iPhone.ActiveCfg = Release|Any CPU
		{DCAA3938-F8C3-4BFA-B658-3F2AD80F8211}.Ad-Hoc|iPhone.Build.0 = Release|Any CPU
		{DCAA3938-F8C3-4BFA-B658-3F2AD80F8211}.Ad-Hoc|iPhone.Deploy.0 = Release|Any CPU
		{DCAA3938-F8C3-4BFA-B658-3F2AD80F8211}.Ad-Hoc|iPhoneSimulator.ActiveCfg = Release|Any CPU
		{DCAA3938-F8C3-4BFA-B658-3F2AD80F8211}.Ad-Hoc|iPhoneSimulator.Build.0 = Release|Any CPU
		{DCAA3938-F8C3-4BFA-B658-3F2AD80F8211}.Ad-Hoc|iPhoneSimulator.Deploy.0 = Release|Any CPU
		{DCAA3938-F8C3-4BFA-B658-3F2AD80F8211}.AppStore|Any CPU.ActiveCfg = Release|Any CPU
		{DCAA3938-F8C3-4BFA-B658-3F2AD80F8211}.AppStore|Any CPU.Build.0 = Release|Any CPU
		{DCAA3938-F8C3-4BFA-B658-3F2AD80F8211}.AppStore|Any CPU.Deploy.0 = Release|Any CPU
		{DCAA3938-F8C3-4BFA-B658-3F2AD80F8211}.AppStore|iPhone.ActiveCfg = Release|Any CPU
		{DCAA3938-F8C3-4BFA-B658-3F2AD80F8211}.AppStore|iPhone.Build.0 = Release|Any CPU
		{DCAA3938-F8C3-4BFA-B658-3F2AD80F8211}.AppStore|iPhone.Deploy.0 = Release|Any CPU
		{DCAA3938-F8C3-4BFA-B658-3F2AD80F8211}.AppStore|iPhoneSimulator.ActiveCfg = Release|Any CPU
		{DCAA3938-F8C3-4BFA-B658-3F2AD80F8211}.AppStore|iPhoneSimulator.Build.0 = Release|Any CPU
		{DCAA3938-F8C3-4BFA-B658-3F2AD80F8211}.AppStore|iPhoneSimulator.Deploy.0 = Release|Any CPU
		{DCAA3938-F8C3-4BFA-B658-3F2AD80F8211}.Debug|Any CPU.ActiveCfg = Debug|Any CPU
		{DCAA3938-F8C3-4BFA-B658-3F2AD80F8211}.Debug|Any CPU.Build.0 = Debug|Any CPU
		{DCAA3938-F8C3-4BFA-B658-3F2AD80F8211}.Debug|Any CPU.Deploy.0 = Debug|Any CPU
		{DCAA3938-F8C3-4BFA-B658-3F2AD80F8211}.Debug|iPhone.ActiveCfg = Debug|Any CPU
		{DCAA3938-F8C3-4BFA-B658-3F2AD80F8211}.Debug|iPhone.Build.0 = Debug|Any CPU
		{DCAA3938-F8C3-4BFA-B658-3F2AD80F8211}.Debug|iPhone.Deploy.0 = Debug|Any CPU
		{DCAA3938-F8C3-4BFA-B658-3F2AD80F8211}.Debug|iPhoneSimulator.ActiveCfg = Debug|Any CPU
		{DCAA3938-F8C3-4BFA-B658-3F2AD80F8211}.Debug|iPhoneSimulator.Build.0 = Debug|Any CPU
		{DCAA3938-F8C3-4BFA-B658-3F2AD80F8211}.Debug|iPhoneSimulator.Deploy.0 = Debug|Any CPU
		{DCAA3938-F8C3-4BFA-B658-3F2AD80F8211}.Release|Any CPU.ActiveCfg = Release|Any CPU
		{DCAA3938-F8C3-4BFA-B658-3F2AD80F8211}.Release|Any CPU.Build.0 = Release|Any CPU
		{DCAA3938-F8C3-4BFA-B658-3F2AD80F8211}.Release|Any CPU.Deploy.0 = Release|Any CPU
		{DCAA3938-F8C3-4BFA-B658-3F2AD80F8211}.Release|iPhone.ActiveCfg = Release|Any CPU
		{DCAA3938-F8C3-4BFA-B658-3F2AD80F8211}.Release|iPhone.Build.0 = Release|Any CPU
		{DCAA3938-F8C3-4BFA-B658-3F2AD80F8211}.Release|iPhone.Deploy.0 = Release|Any CPU
		{DCAA3938-F8C3-4BFA-B658-3F2AD80F8211}.Release|iPhoneSimulator.ActiveCfg = Release|Any CPU
		{DCAA3938-F8C3-4BFA-B658-3F2AD80F8211}.Release|iPhoneSimulator.Build.0 = Release|Any CPU
		{DCAA3938-F8C3-4BFA-B658-3F2AD80F8211}.Release|iPhoneSimulator.Deploy.0 = Release|Any CPU
		{F568534D-2257-43A4-B119-11AFDA8C69A8}.Ad-Hoc|Any CPU.ActiveCfg = Ad-Hoc|iPhone
		{F568534D-2257-43A4-B119-11AFDA8C69A8}.Ad-Hoc|Any CPU.Build.0 = Ad-Hoc|iPhone
		{F568534D-2257-43A4-B119-11AFDA8C69A8}.Ad-Hoc|Any CPU.Deploy.0 = Ad-Hoc|iPhone
		{F568534D-2257-43A4-B119-11AFDA8C69A8}.Ad-Hoc|iPhone.ActiveCfg = Ad-Hoc|iPhone
		{F568534D-2257-43A4-B119-11AFDA8C69A8}.Ad-Hoc|iPhone.Build.0 = Ad-Hoc|iPhone
		{F568534D-2257-43A4-B119-11AFDA8C69A8}.Ad-Hoc|iPhone.Deploy.0 = Ad-Hoc|iPhone
		{F568534D-2257-43A4-B119-11AFDA8C69A8}.Ad-Hoc|iPhoneSimulator.ActiveCfg = Ad-Hoc|iPhoneSimulator
		{F568534D-2257-43A4-B119-11AFDA8C69A8}.Ad-Hoc|iPhoneSimulator.Build.0 = Ad-Hoc|iPhoneSimulator
		{F568534D-2257-43A4-B119-11AFDA8C69A8}.Ad-Hoc|iPhoneSimulator.Deploy.0 = Ad-Hoc|iPhoneSimulator
		{F568534D-2257-43A4-B119-11AFDA8C69A8}.AppStore|Any CPU.ActiveCfg = AppStore|iPhone
		{F568534D-2257-43A4-B119-11AFDA8C69A8}.AppStore|Any CPU.Build.0 = AppStore|iPhone
		{F568534D-2257-43A4-B119-11AFDA8C69A8}.AppStore|Any CPU.Deploy.0 = AppStore|iPhone
		{F568534D-2257-43A4-B119-11AFDA8C69A8}.AppStore|iPhone.ActiveCfg = AppStore|iPhone
		{F568534D-2257-43A4-B119-11AFDA8C69A8}.AppStore|iPhone.Build.0 = AppStore|iPhone
		{F568534D-2257-43A4-B119-11AFDA8C69A8}.AppStore|iPhone.Deploy.0 = AppStore|iPhone
		{F568534D-2257-43A4-B119-11AFDA8C69A8}.AppStore|iPhoneSimulator.ActiveCfg = AppStore|iPhoneSimulator
		{F568534D-2257-43A4-B119-11AFDA8C69A8}.AppStore|iPhoneSimulator.Build.0 = AppStore|iPhoneSimulator
		{F568534D-2257-43A4-B119-11AFDA8C69A8}.AppStore|iPhoneSimulator.Deploy.0 = AppStore|iPhoneSimulator
		{F568534D-2257-43A4-B119-11AFDA8C69A8}.Debug|Any CPU.ActiveCfg = Debug|iPhoneSimulator
		{F568534D-2257-43A4-B119-11AFDA8C69A8}.Debug|Any CPU.Build.0 = Debug|iPhoneSimulator
		{F568534D-2257-43A4-B119-11AFDA8C69A8}.Debug|Any CPU.Deploy.0 = Debug|iPhoneSimulator
		{F568534D-2257-43A4-B119-11AFDA8C69A8}.Debug|iPhone.ActiveCfg = Debug|iPhone
		{F568534D-2257-43A4-B119-11AFDA8C69A8}.Debug|iPhone.Build.0 = Debug|iPhone
		{F568534D-2257-43A4-B119-11AFDA8C69A8}.Debug|iPhone.Deploy.0 = Debug|iPhone
		{F568534D-2257-43A4-B119-11AFDA8C69A8}.Debug|iPhoneSimulator.ActiveCfg = Debug|iPhoneSimulator
		{F568534D-2257-43A4-B119-11AFDA8C69A8}.Debug|iPhoneSimulator.Build.0 = Debug|iPhoneSimulator
		{F568534D-2257-43A4-B119-11AFDA8C69A8}.Debug|iPhoneSimulator.Deploy.0 = Debug|iPhoneSimulator
		{F568534D-2257-43A4-B119-11AFDA8C69A8}.Release|Any CPU.ActiveCfg = Release|iPhone
		{F568534D-2257-43A4-B119-11AFDA8C69A8}.Release|Any CPU.Build.0 = Release|iPhone
		{F568534D-2257-43A4-B119-11AFDA8C69A8}.Release|Any CPU.Deploy.0 = Release|iPhone
		{F568534D-2257-43A4-B119-11AFDA8C69A8}.Release|iPhone.ActiveCfg = Release|iPhone
		{F568534D-2257-43A4-B119-11AFDA8C69A8}.Release|iPhone.Build.0 = Release|iPhone
		{F568534D-2257-43A4-B119-11AFDA8C69A8}.Release|iPhone.Deploy.0 = Release|iPhone
		{F568534D-2257-43A4-B119-11AFDA8C69A8}.Release|iPhoneSimulator.ActiveCfg = Release|iPhoneSimulator
		{F568534D-2257-43A4-B119-11AFDA8C69A8}.Release|iPhoneSimulator.Build.0 = Release|iPhoneSimulator
		{F568534D-2257-43A4-B119-11AFDA8C69A8}.Release|iPhoneSimulator.Deploy.0 = Release|iPhoneSimulator
		{78B2D302-24D9-477E-A0EE-242485B2CD93}.Ad-Hoc|Any CPU.ActiveCfg = Debug|Any CPU
		{78B2D302-24D9-477E-A0EE-242485B2CD93}.Ad-Hoc|Any CPU.Build.0 = Debug|Any CPU
		{78B2D302-24D9-477E-A0EE-242485B2CD93}.Ad-Hoc|Any CPU.Deploy.0 = Debug|Any CPU
		{78B2D302-24D9-477E-A0EE-242485B2CD93}.Ad-Hoc|iPhone.ActiveCfg = Debug|Any CPU
		{78B2D302-24D9-477E-A0EE-242485B2CD93}.Ad-Hoc|iPhone.Build.0 = Debug|Any CPU
		{78B2D302-24D9-477E-A0EE-242485B2CD93}.Ad-Hoc|iPhone.Deploy.0 = Debug|Any CPU
		{78B2D302-24D9-477E-A0EE-242485B2CD93}.Ad-Hoc|iPhoneSimulator.ActiveCfg = Debug|Any CPU
		{78B2D302-24D9-477E-A0EE-242485B2CD93}.Ad-Hoc|iPhoneSimulator.Build.0 = Debug|Any CPU
		{78B2D302-24D9-477E-A0EE-242485B2CD93}.Ad-Hoc|iPhoneSimulator.Deploy.0 = Debug|Any CPU
		{78B2D302-24D9-477E-A0EE-242485B2CD93}.AppStore|Any CPU.ActiveCfg = Debug|Any CPU
		{78B2D302-24D9-477E-A0EE-242485B2CD93}.AppStore|Any CPU.Build.0 = Debug|Any CPU
		{78B2D302-24D9-477E-A0EE-242485B2CD93}.AppStore|Any CPU.Deploy.0 = Debug|Any CPU
		{78B2D302-24D9-477E-A0EE-242485B2CD93}.AppStore|iPhone.ActiveCfg = Debug|Any CPU
		{78B2D302-24D9-477E-A0EE-242485B2CD93}.AppStore|iPhone.Build.0 = Debug|Any CPU
		{78B2D302-24D9-477E-A0EE-242485B2CD93}.AppStore|iPhone.Deploy.0 = Debug|Any CPU
		{78B2D302-24D9-477E-A0EE-242485B2CD93}.AppStore|iPhoneSimulator.ActiveCfg = Debug|Any CPU
		{78B2D302-24D9-477E-A0EE-242485B2CD93}.AppStore|iPhoneSimulator.Build.0 = Debug|Any CPU
		{78B2D302-24D9-477E-A0EE-242485B2CD93}.AppStore|iPhoneSimulator.Deploy.0 = Debug|Any CPU
		{78B2D302-24D9-477E-A0EE-242485B2CD93}.Debug|Any CPU.ActiveCfg = Debug|Any CPU
		{78B2D302-24D9-477E-A0EE-242485B2CD93}.Debug|Any CPU.Build.0 = Debug|Any CPU
		{78B2D302-24D9-477E-A0EE-242485B2CD93}.Debug|Any CPU.Deploy.0 = Debug|Any CPU
		{78B2D302-24D9-477E-A0EE-242485B2CD93}.Debug|iPhone.ActiveCfg = Debug|Any CPU
		{78B2D302-24D9-477E-A0EE-242485B2CD93}.Debug|iPhone.Build.0 = Debug|Any CPU
		{78B2D302-24D9-477E-A0EE-242485B2CD93}.Debug|iPhone.Deploy.0 = Debug|Any CPU
		{78B2D302-24D9-477E-A0EE-242485B2CD93}.Debug|iPhoneSimulator.ActiveCfg = Debug|Any CPU
		{78B2D302-24D9-477E-A0EE-242485B2CD93}.Debug|iPhoneSimulator.Build.0 = Debug|Any CPU
		{78B2D302-24D9-477E-A0EE-242485B2CD93}.Debug|iPhoneSimulator.Deploy.0 = Debug|Any CPU
		{78B2D302-24D9-477E-A0EE-242485B2CD93}.Release|Any CPU.ActiveCfg = Release|Any CPU
		{78B2D302-24D9-477E-A0EE-242485B2CD93}.Release|Any CPU.Build.0 = Release|Any CPU
		{78B2D302-24D9-477E-A0EE-242485B2CD93}.Release|Any CPU.Deploy.0 = Release|Any CPU
		{78B2D302-24D9-477E-A0EE-242485B2CD93}.Release|iPhone.ActiveCfg = Release|Any CPU
		{78B2D302-24D9-477E-A0EE-242485B2CD93}.Release|iPhone.Build.0 = Release|Any CPU
		{78B2D302-24D9-477E-A0EE-242485B2CD93}.Release|iPhone.Deploy.0 = Release|Any CPU
		{78B2D302-24D9-477E-A0EE-242485B2CD93}.Release|iPhoneSimulator.ActiveCfg = Release|Any CPU
		{78B2D302-24D9-477E-A0EE-242485B2CD93}.Release|iPhoneSimulator.Build.0 = Release|Any CPU
		{78B2D302-24D9-477E-A0EE-242485B2CD93}.Release|iPhoneSimulator.Deploy.0 = Release|Any CPU
	EndGlobalSection
	GlobalSection(SolutionProperties) = preSolution
		HideSolutionNode = FALSE
	EndGlobalSection
	GlobalSection(ExtensibilityGlobals) = postSolution
		SolutionGuid = {DB449625-765C-483D-BF9D-A5A82CCB5B43}
	EndGlobalSection
EndGlobal
